
Microsoft Visual Studio Solution File, Format Version 12.00
# Visual Studio Version 17
VisualStudioVersion = 17.14.36408.4 d17.14
MinimumVisualStudioVersion = 10.0.40219.1
Project("{FAE04EC0-301F-11D3-BF4B-00C04F79EFBC}") = "APP.PDF", "APP.PDF.csproj", "{6213A3C9-B09E-473E-BC3C-81E3E89D9885}"
EndProject
Global
	GlobalSection(SolutionConfigurationPlatforms) = preSolution
		Debug|Any CPU = Debug|Any CPU
		Release|Any CPU = Release|Any CPU
	EndGlobalSection
	GlobalSection(ProjectConfigurationPlatforms) = postSolution
		{6213A3C9-B09E-473E-BC3C-81E3E89D9885}.Debug|Any CPU.ActiveCfg = Debug|Any CPU
		{6213A3C9-B09E-473E-BC3C-81E3E89D9885}.Debug|Any CPU.Build.0 = Debug|Any CPU
		{6213A3C9-B09E-473E-BC3C-81E3E89D9885}.Release|Any CPU.ActiveCfg = Release|Any CPU
		{6213A3C9-B09E-473E-BC3C-81E3E89D9885}.Release|Any CPU.Build.0 = Release|Any CPU
	EndGlobalSection
	GlobalSection(SolutionProperties) = preSolution
		HideSolutionNode = FALSE
	EndGlobalSection
	GlobalSection(ExtensibilityGlobals) = postSolution
		SolutionGuid = {60CB7872-509A-495F-814C-49D1E4D84A36}
	EndGlobalSection
EndGlobal
